// !$*UTF8*$!
{
	archiveVersion = 1;
	classes = {
	};
	objectVersion = 50;
	objects = {

/* Begin PBXBuildFile section */
		7D0DD8EB210464CE00AE131F /* AppDelegate.swift in Sources */ = {isa = PBXBuildFile; fileRef = 7D0DD8EA210464CE00AE131F /* AppDelegate.swift */; };
		7D0DD8ED210464CE00AE131F /* WelcomeController.swift in Sources */ = {isa = PBXBuildFile; fileRef = 7D0DD8EC210464CE00AE131F /* WelcomeController.swift */; };
		7D0DD8F0210464CE00AE131F /* Main.storyboard in Resources */ = {isa = PBXBuildFile; fileRef = 7D0DD8EE210464CE00AE131F /* Main.storyboard */; };
		7D0DD8F3210464CE00AE131F /* Datdog.xcdatamodeld in Sources */ = {isa = PBXBuildFile; fileRef = 7D0DD8F1210464CE00AE131F /* Datdog.xcdatamodeld */; };
		7D0DD8F5210464D000AE131F /* Assets.xcassets in Resources */ = {isa = PBXBuildFile; fileRef = 7D0DD8F4210464D000AE131F /* Assets.xcassets */; };
		7D0DD8F8210464D000AE131F /* LaunchScreen.storyboard in Resources */ = {isa = PBXBuildFile; fileRef = 7D0DD8F6210464D000AE131F /* LaunchScreen.storyboard */; };
		7D0DD90021046AD500AE131F /* StartController.swift in Sources */ = {isa = PBXBuildFile; fileRef = 7D0DD8FF21046AD500AE131F /* StartController.swift */; };
		7DD9916021060667001674C8 /* MenuController.swift in Sources */ = {isa = PBXBuildFile; fileRef = 7DD9915F21060667001674C8 /* MenuController.swift */; };
		7DD9916221068042001674C8 /* LostController.swift in Sources */ = {isa = PBXBuildFile; fileRef = 7DD9916121068042001674C8 /* LostController.swift */; };
		7DD991642106804F001674C8 /* ReportController.swift in Sources */ = {isa = PBXBuildFile; fileRef = 7DD991632106804F001674C8 /* ReportController.swift */; };
		7DE8995E21048F2F004E646B /* YourDogsController.swift in Sources */ = {isa = PBXBuildFile; fileRef = 7DE8995D21048F2F004E646B /* YourDogsController.swift */; };
		7DE8996221060414004E646B /* MissingController.swift in Sources */ = {isa = PBXBuildFile; fileRef = 7DE8996121060414004E646B /* MissingController.swift */; };
		7DE8996421060420004E646B /* FriendsController.swift in Sources */ = {isa = PBXBuildFile; fileRef = 7DE8996321060420004E646B /* FriendsController.swift */; };
		7DE899662106042D004E646B /* ConnectController.swift in Sources */ = {isa = PBXBuildFile; fileRef = 7DE899652106042D004E646B /* ConnectController.swift */; };
/* End PBXBuildFile section */

/* Begin PBXFileReference section */
		7D0DD8E7210464CD00AE131F /* Datdog.app */ = {isa = PBXFileReference; explicitFileType = wrapper.application; includeInIndex = 0; path = Datdog.app; sourceTree = BUILT_PRODUCTS_DIR; };
		7D0DD8EA210464CE00AE131F /* AppDelegate.swift */ = {isa = PBXFileReference; lastKnownFileType = sourcecode.swift; path = AppDelegate.swift; sourceTree = "<group>"; };
		7D0DD8EC210464CE00AE131F /* WelcomeController.swift */ = {isa = PBXFileReference; lastKnownFileType = sourcecode.swift; path = WelcomeController.swift; sourceTree = "<group>"; };
		7D0DD8EF210464CE00AE131F /* Base */ = {isa = PBXFileReference; lastKnownFileType = file.storyboard; name = Base; path = Base.lproj/Main.storyboard; sourceTree = "<group>"; };
		7D0DD8F2210464CE00AE131F /* Datdog.xcdatamodel */ = {isa = PBXFileReference; lastKnownFileType = wrapper.xcdatamodel; path = Datdog.xcdatamodel; sourceTree = "<group>"; };
		7D0DD8F4210464D000AE131F /* Assets.xcassets */ = {isa = PBXFileReference; lastKnownFileType = folder.assetcatalog; path = Assets.xcassets; sourceTree = "<group>"; };
		7D0DD8F7210464D000AE131F /* Base */ = {isa = PBXFileReference; lastKnownFileType = file.storyboard; name = Base; path = Base.lproj/LaunchScreen.storyboard; sourceTree = "<group>"; };
		7D0DD8F9210464D000AE131F /* Info.plist */ = {isa = PBXFileReference; lastKnownFileType = text.plist.xml; path = Info.plist; sourceTree = "<group>"; };
		7D0DD8FF21046AD500AE131F /* StartController.swift */ = {isa = PBXFileReference; lastKnownFileType = sourcecode.swift; path = StartController.swift; sourceTree = "<group>"; };
		7DD9915F21060667001674C8 /* MenuController.swift */ = {isa = PBXFileReference; lastKnownFileType = sourcecode.swift; path = MenuController.swift; sourceTree = "<group>"; };
		7DD9916121068042001674C8 /* LostController.swift */ = {isa = PBXFileReference; lastKnownFileType = sourcecode.swift; path = LostController.swift; sourceTree = "<group>"; };
		7DD991632106804F001674C8 /* ReportController.swift */ = {isa = PBXFileReference; lastKnownFileType = sourcecode.swift; path = ReportController.swift; sourceTree = "<group>"; };
		7DE8995D21048F2F004E646B /* YourDogsController.swift */ = {isa = PBXFileReference; lastKnownFileType = sourcecode.swift; path = YourDogsController.swift; sourceTree = "<group>"; };
		7DE8996121060414004E646B /* MissingController.swift */ = {isa = PBXFileReference; lastKnownFileType = sourcecode.swift; path = MissingController.swift; sourceTree = "<group>"; };
		7DE8996321060420004E646B /* FriendsController.swift */ = {isa = PBXFileReference; lastKnownFileType = sourcecode.swift; path = FriendsController.swift; sourceTree = "<group>"; };
		7DE899652106042D004E646B /* ConnectController.swift */ = {isa = PBXFileReference; lastKnownFileType = sourcecode.swift; path = ConnectController.swift; sourceTree = "<group>"; };
/* End PBXFileReference section */

/* Begin PBXFrameworksBuildPhase section */
		7D0DD8E4210464CD00AE131F /* Frameworks */ = {
			isa = PBXFrameworksBuildPhase;
			buildActionMask = 2147483647;
			files = (
			);
			runOnlyForDeploymentPostprocessing = 0;
		};
/* End PBXFrameworksBuildPhase section */

/* Begin PBXGroup section */
		7D0DD8DE210464CD00AE131F = {
			isa = PBXGroup;
			children = (
				7D0DD8E9210464CD00AE131F /* Datdog */,
				7D0DD8E8210464CD00AE131F /* Products */,
			);
			sourceTree = "<group>";
		};
		7D0DD8E8210464CD00AE131F /* Products */ = {
			isa = PBXGroup;
			children = (
				7D0DD8E7210464CD00AE131F /* Datdog.app */,
			);
			name = Products;
			sourceTree = "<group>";
		};
		7D0DD8E9210464CD00AE131F /* Datdog */ = {
			isa = PBXGroup;
			children = (
				7D0DD8EA210464CE00AE131F /* AppDelegate.swift */,
				7D0DD8EC210464CE00AE131F /* WelcomeController.swift */,
				7D0DD8FF21046AD500AE131F /* StartController.swift */,
				7D0DD8EE210464CE00AE131F /* Main.storyboard */,
				7D0DD8F4210464D000AE131F /* Assets.xcassets */,
				7D0DD8F1210464CE00AE131F /* Datdog.xcdatamodeld */,
				7D0DD8F6210464D000AE131F /* LaunchScreen.storyboard */,
				7D0DD8F9210464D000AE131F /* Info.plist */,
				7DD9915F21060667001674C8 /* MenuController.swift */,
				7DE8996121060414004E646B /* MissingController.swift */,
				7DE8996321060420004E646B /* FriendsController.swift */,
				7DE899652106042D004E646B /* ConnectController.swift */,
				7DE8995D21048F2F004E646B /* YourDogsController.swift */,
				7DD9916121068042001674C8 /* LostController.swift */,
				7DD991632106804F001674C8 /* ReportController.swift */,
			);
			path = Datdog;
			sourceTree = "<group>";
		};
/* End PBXGroup section */

/* Begin PBXNativeTarget section */
		7D0DD8E6210464CD00AE131F /* Datdog */ = {
			isa = PBXNativeTarget;
			buildConfigurationList = 7D0DD8FC210464D000AE131F /* Build configuration list for PBXNativeTarget "Datdog" */;
			buildPhases = (
				7D0DD8E3210464CD00AE131F /* Sources */,
				7D0DD8E4210464CD00AE131F /* Frameworks */,
				7D0DD8E5210464CD00AE131F /* Resources */,
			);
			buildRules = (
			);
			dependencies = (
			);
			name = Datdog;
			productName = Datdog;
			productReference = 7D0DD8E7210464CD00AE131F /* Datdog.app */;
			productType = "com.apple.product-type.application";
		};
/* End PBXNativeTarget section */

/* Begin PBXProject section */
		7D0DD8DF210464CD00AE131F /* Project object */ = {
			isa = PBXProject;
			attributes = {
				LastSwiftUpdateCheck = 0940;
				LastUpgradeCheck = 0940;
				ORGANIZATIONNAME = Mastercypher;
				TargetAttributes = {
					7D0DD8E6210464CD00AE131F = {
						CreatedOnToolsVersion = 9.4.1;
					};
				};
			};
			buildConfigurationList = 7D0DD8E2210464CD00AE131F /* Build configuration list for PBXProject "Datdog" */;
			compatibilityVersion = "Xcode 9.3";
			developmentRegion = en;
			hasScannedForEncodings = 0;
			knownRegions = (
				en,
				Base,
			);
			mainGroup = 7D0DD8DE210464CD00AE131F;
			productRefGroup = 7D0DD8E8210464CD00AE131F /* Products */;
			projectDirPath = "";
			projectRoot = "";
			targets = (
				7D0DD8E6210464CD00AE131F /* Datdog */,
			);
		};
/* End PBXProject section */

/* Begin PBXResourcesBuildPhase section */
		7D0DD8E5210464CD00AE131F /* Resources */ = {
			isa = PBXResourcesBuildPhase;
			buildActionMask = 2147483647;
			files = (
				7D0DD8F8210464D000AE131F /* LaunchScreen.storyboard in Resources */,
				7D0DD8F5210464D000AE131F /* Assets.xcassets in Resources */,
				7D0DD8F0210464CE00AE131F /* Main.storyboard in Resources */,
			);
			runOnlyForDeploymentPostprocessing = 0;
		};
/* End PBXResourcesBuildPhase section */

/* Begin PBXSourcesBuildPhase section */
		7D0DD8E3210464CD00AE131F /* Sources */ = {
			isa = PBXSourcesBuildPhase;
			buildActionMask = 2147483647;
			files = (
				7DE8996221060414004E646B /* MissingController.swift in Sources */,
				7DD9916221068042001674C8 /* LostController.swift in Sources */,
				7DD9916021060667001674C8 /* MenuController.swift in Sources */,
				7DD991642106804F001674C8 /* ReportController.swift in Sources */,
				7DE8996421060420004E646B /* FriendsController.swift in Sources */,
				7D0DD8ED210464CE00AE131F /* WelcomeController.swift in Sources */,
				7D0DD8F3210464CE00AE131F /* Datdog.xcdatamodeld in Sources */,
				7D0DD90021046AD500AE131F /* StartController.swift in Sources */,
				7DE8995E21048F2F004E646B /* YourDogsController.swift in Sources */,
				7D0DD8EB210464CE00AE131F /* AppDelegate.swift in Sources */,
				7DE899662106042D004E646B /* ConnectController.swift in Sources */,
			);
			runOnlyForDeploymentPostprocessing = 0;
		};
/* End PBXSourcesBuildPhase section */

/* Begin PBXVariantGroup section */
		7D0DD8EE210464CE00AE131F /* Main.storyboard */ = {
			isa = PBXVariantGroup;
			children = (
				7D0DD8EF210464CE00AE131F /* Base */,
			);
			name = Main.storyboard;
			sourceTree = "<group>";
		};
		7D0DD8F6210464D000AE131F /* LaunchScreen.storyboard */ = {
			isa = PBXVariantGroup;
			children = (
				7D0DD8F7210464D000AE131F /* Base */,
			);
			name = LaunchScreen.storyboard;
			sourceTree = "<group>";
		};
/* End PBXVariantGroup section */

/* Begin XCBuildConfiguration section */
		7D0DD8FA210464D000AE131F /* Debug */ = {
			isa = XCBuildConfiguration;
			buildSettings = {
				ALWAYS_SEARCH_USER_PATHS = NO;
				CLANG_ANALYZER_NONNULL = YES;
				CLANG_ANALYZER_NUMBER_OBJECT_CONVERSION = YES_AGGRESSIVE;
				CLANG_CXX_LANGUAGE_STANDARD = "gnu++14";
				CLANG_CXX_LIBRARY = "libc++";
				CLANG_ENABLE_MODULES = YES;
				CLANG_ENABLE_OBJC_ARC = YES;
				CLANG_ENABLE_OBJC_WEAK = YES;
				CLANG_WARN_BLOCK_CAPTURE_AUTORELEASING = YES;
				CLANG_WARN_BOOL_CONVERSION = YES;
				CLANG_WARN_COMMA = YES;
				CLANG_WARN_CONSTANT_CONVERSION = YES;
				CLANG_WARN_DEPRECATED_OBJC_IMPLEMENTATIONS = YES;
				CLANG_WARN_DIRECT_OBJC_ISA_USAGE = YES_ERROR;
				CLANG_WARN_DOCUMENTATION_COMMENTS = YES;
				CLANG_WARN_EMPTY_BODY = YES;
				CLANG_WARN_ENUM_CONVERSION = YES;
				CLANG_WARN_INFINITE_RECURSION = YES;
				CLANG_WARN_INT_CONVERSION = YES;
				CLANG_WARN_NON_LITERAL_NULL_CONVERSION = YES;
				CLANG_WARN_OBJC_IMPLICIT_RETAIN_SELF = YES;
				CLANG_WARN_OBJC_LITERAL_CONVERSION = YES;
				CLANG_WARN_OBJC_ROOT_CLASS = YES_ERROR;
				CLANG_WARN_RANGE_LOOP_ANALYSIS = YES;
				CLANG_WARN_STRICT_PROTOTYPES = YES;
				CLANG_WARN_SUSPICIOUS_MOVE = YES;
				CLANG_WARN_UNGUARDED_AVAILABILITY = YES_AGGRESSIVE;
				CLANG_WARN_UNREACHABLE_CODE = YES;
				CLANG_WARN__DUPLICATE_METHOD_MATCH = YES;
				CODE_SIGN_IDENTITY = "iPhone Developer";
				COPY_PHASE_STRIP = NO;
				DEBUG_INFORMATION_FORMAT = dwarf;
				ENABLE_STRICT_OBJC_MSGSEND = YES;
				ENABLE_TESTABILITY = YES;
				GCC_C_LANGUAGE_STANDARD = gnu11;
				GCC_DYNAMIC_NO_PIC = NO;
				GCC_NO_COMMON_BLOCKS = YES;
				GCC_OPTIMIZATION_LEVEL = 0;
				GCC_PREPROCESSOR_DEFINITIONS = (
					"DEBUG=1",
					"$(inherited)",
				);
				GCC_WARN_64_TO_32_BIT_CONVERSION = YES;
				GCC_WARN_ABOUT_RETURN_TYPE = YES_ERROR;
				GCC_WARN_UNDECLARED_SELECTOR = YES;
				GCC_WARN_UNINITIALIZED_AUTOS = YES_AGGRESSIVE;
				GCC_WARN_UNUSED_FUNCTION = YES;
				GCC_WARN_UNUSED_VARIABLE = YES;
				IPHONEOS_DEPLOYMENT_TARGET = 11.4;
				MTL_ENABLE_DEBUG_INFO = YES;
				ONLY_ACTIVE_ARCH = YES;
				SDKROOT = iphoneos;
				SWIFT_ACTIVE_COMPILATION_CONDITIONS = DEBUG;
				SWIFT_OPTIMIZATION_LEVEL = "-Onone";
			};
			name = Debug;
		};
		7D0DD8FB210464D000AE131F /* Release */ = {
			isa = XCBuildConfiguration;
			buildSettings = {
				ALWAYS_SEARCH_USER_PATHS = NO;
				CLANG_ANALYZER_NONNULL = YES;
				CLANG_ANALYZER_NUMBER_OBJECT_CONVERSION = YES_AGGRESSIVE;
				CLANG_CXX_LANGUAGE_STANDARD = "gnu++14";
				CLANG_CXX_LIBRARY = "libc++";
				CLANG_ENABLE_MODULES = YES;
				CLANG_ENABLE_OBJC_ARC = YES;
				CLANG_ENABLE_OBJC_WEAK = YES;
				CLANG_WARN_BLOCK_CAPTURE_AUTORELEASING = YES;
				CLANG_WARN_BOOL_CONVERSION = YES;
				CLANG_WARN_COMMA = YES;
				CLANG_WARN_CONSTANT_CONVERSION = YES;
				CLANG_WARN_DEPRECATED_OBJC_IMPLEMENTATIONS = YES;
				CLANG_WARN_DIRECT_OBJC_ISA_USAGE = YES_ERROR;
				CLANG_WARN_DOCUMENTATION_COMMENTS = YES;
				CLANG_WARN_EMPTY_BODY = YES;
				CLANG_WARN_ENUM_CONVERSION = YES;
				CLANG_WARN_INFINITE_RECURSION = YES;
				CLANG_WARN_INT_CONVERSION = YES;
				CLANG_WARN_NON_LITERAL_NULL_CONVERSION = YES;
				CLANG_WARN_OBJC_IMPLICIT_RETAIN_SELF = YES;
				CLANG_WARN_OBJC_LITERAL_CONVERSION = YES;
				CLANG_WARN_OBJC_ROOT_CLASS = YES_ERROR;
				CLANG_WARN_RANGE_LOOP_ANALYSIS = YES;
				CLANG_WARN_STRICT_PROTOTYPES = YES;
				CLANG_WARN_SUSPICIOUS_MOVE = YES;
				CLANG_WARN_UNGUARDED_AVAILABILITY = YES_AGGRESSIVE;
				CLANG_WARN_UNREACHABLE_CODE = YES;
				CLANG_WARN__DUPLICATE_METHOD_MATCH = YES;
				CODE_SIGN_IDENTITY = "iPhone Developer";
				COPY_PHASE_STRIP = NO;
				DEBUG_INFORMATION_FORMAT = "dwarf-with-dsym";
				ENABLE_NS_ASSERTIONS = NO;
				ENABLE_STRICT_OBJC_MSGSEND = YES;
				GCC_C_LANGUAGE_STANDARD = gnu11;
				GCC_NO_COMMON_BLOCKS = YES;
				GCC_WARN_64_TO_32_BIT_CONVERSION = YES;
				GCC_WARN_ABOUT_RETURN_TYPE = YES_ERROR;
				GCC_WARN_UNDECLARED_SELECTOR = YES;
				GCC_WARN_UNINITIALIZED_AUTOS = YES_AGGRESSIVE;
				GCC_WARN_UNUSED_FUNCTION = YES;
				GCC_WARN_UNUSED_VARIABLE = YES;
				IPHONEOS_DEPLOYMENT_TARGET = 11.4;
				MTL_ENABLE_DEBUG_INFO = NO;
				SDKROOT = iphoneos;
				SWIFT_COMPILATION_MODE = wholemodule;
				SWIFT_OPTIMIZATION_LEVEL = "-O";
				VALIDATE_PRODUCT = YES;
			};
			name = Release;
		};
		7D0DD8FD210464D000AE131F /* Debug */ = {
			isa = XCBuildConfiguration;
			buildSettings = {
				ASSETCATALOG_COMPILER_APPICON_NAME = AppIcon;
				CODE_SIGN_STYLE = Automatic;
				INFOPLIST_FILE = Datdog/Info.plist;
				LD_RUNPATH_SEARCH_PATHS = (
					"$(inherited)",
					"@executable_path/Frameworks",
				);
				PRODUCT_BUNDLE_IDENTIFIER = Mastercypher.Datdog;
				PRODUCT_NAME = "$(TARGET_NAME)";
				SWIFT_VERSION = 4.0;
				TARGETED_DEVICE_FAMILY = "1,2";
			};
			name = Debug;
		};
		7D0DD8FE210464D000AE131F /* Release */ = {
			isa = XCBuildConfiguration;
			buildSettings = {
				ASSETCATALOG_COMPILER_APPICON_NAME = AppIcon;
				CODE_SIGN_STYLE = Automatic;
				INFOPLIST_FILE = Datdog/Info.plist;
				LD_RUNPATH_SEARCH_PATHS = (
					"$(inherited)",
					"@executable_path/Frameworks",
				);
				PRODUCT_BUNDLE_IDENTIFIER = Mastercypher.Datdog;
				PRODUCT_NAME = "$(TARGET_NAME)";
				SWIFT_VERSION = 4.0;
				TARGETED_DEVICE_FAMILY = "1,2";
			};
			name = Release;
		};
/* End XCBuildConfiguration section */

/* Begin XCConfigurationList section */
		7D0DD8E2210464CD00AE131F /* Build configuration list for PBXProject "Datdog" */ = {
			isa = XCConfigurationList;
			buildConfigurations = (
				7D0DD8FA210464D000AE131F /* Debug */,
				7D0DD8FB210464D000AE131F /* Release */,
			);
			defaultConfigurationIsVisible = 0;
			defaultConfigurationName = Release;
		};
		7D0DD8FC210464D000AE131F /* Build configuration list for PBXNativeTarget "Datdog" */ = {
			isa = XCConfigurationList;
			buildConfigurations = (
				7D0DD8FD210464D000AE131F /* Debug */,
				7D0DD8FE210464D000AE131F /* Release */,
			);
			defaultConfigurationIsVisible = 0;
			defaultConfigurationName = Release;
		};
/* End XCConfigurationList section */

/* Begin XCVersionGroup section */
		7D0DD8F1210464CE00AE131F /* Datdog.xcdatamodeld */ = {
			isa = XCVersionGroup;
			children = (
				7D0DD8F2210464CE00AE131F /* Datdog.xcdatamodel */,
			);
			currentVersion = 7D0DD8F2210464CE00AE131F /* Datdog.xcdatamodel */;
			path = Datdog.xcdatamodeld;
			sourceTree = "<group>";
			versionGroupType = wrapper.xcdatamodel;
		};
/* End XCVersionGroup section */
	};
	rootObject = 7D0DD8DF210464CD00AE131F /* Project object */;
}
